
Microsoft Visual Studio Solution File, Format Version 12.00
# Visual Studio 2015
Project("{FAE04EC0-301F-11D3-BF4B-00C04F79EFBC}") = "SmashBrosBeatEmUp.CSharp", "SmashBrosBeatEmUp.CSharp.csproj", "{87D0E7B1-BE26-110E-11E3-3731D036AC03}"
EndProject
Project("{FAE04EC0-301F-11D3-BF4B-00C04F79EFBC}") = "SmashBrosBeatEmUp.CSharp.Plugins", "SmashBrosBeatEmUp.CSharp.Plugins.csproj", "{6B6ACB16-EBA0-6190-3CD8-905A9F0154AC}"
EndProject
Global
	GlobalSection(SolutionConfigurationPlatforms) = preSolution
		Debug|Any CPU = Debug|Any CPU
		Release|Any CPU = Release|Any CPU
	EndGlobalSection
	GlobalSection(ProjectConfigurationPlatforms) = postSolution
		{87D0E7B1-BE26-110E-11E3-3731D036AC03}.Debug|Any CPU.ActiveCfg = Debug|Any CPU
		{87D0E7B1-BE26-110E-11E3-3731D036AC03}.Debug|Any CPU.Build.0 = Debug|Any CPU
		{87D0E7B1-BE26-110E-11E3-3731D036AC03}.Release|Any CPU.ActiveCfg = Release|Any CPU
		{87D0E7B1-BE26-110E-11E3-3731D036AC03}.Release|Any CPU.Build.0 = Release|Any CPU
		{6B6ACB16-EBA0-6190-3CD8-905A9F0154AC}.Debug|Any CPU.ActiveCfg = Debug|Any CPU
		{6B6ACB16-EBA0-6190-3CD8-905A9F0154AC}.Debug|Any CPU.Build.0 = Debug|Any CPU
		{6B6ACB16-EBA0-6190-3CD8-905A9F0154AC}.Release|Any CPU.ActiveCfg = Release|Any CPU
		{6B6ACB16-EBA0-6190-3CD8-905A9F0154AC}.Release|Any CPU.Build.0 = Release|Any CPU
	EndGlobalSection
	GlobalSection(SolutionProperties) = preSolution
		HideSolutionNode = FALSE
	EndGlobalSection
EndGlobal
